
Microsoft Visual Studio Solution File, Format Version 12.00
# Visual Studio Version 16
VisualStudioVersion = 16.0.29613.14
MinimumVisualStudioVersion = 10.0.40219.1
Project("{FAE04EC0-301F-11D3-BF4B-00C04F79EFBC}") = "Core", "Core\Core.csproj", "{D981E1EC-EBFF-4D9F-83AF-55E60A3B9122}"
EndProject
Project("{FAE04EC0-301F-11D3-BF4B-00C04F79EFBC}") = "HMI", "HMI\HMI.csproj", "{60F738D8-690B-41EB-A603-6A05BE2C762C}"
EndProject
Project("{FAE04EC0-301F-11D3-BF4B-00C04F79EFBC}") = "TestConsole", "TestConsole\TestConsole.csproj", "{F15CE8D6-CAA9-4D31-9DD8-83DF7B916EB0}"
EndProject
Project("{FAE04EC0-301F-11D3-BF4B-00C04F79EFBC}") = "Middleware", "Middleware\Middleware.csproj", "{D6F6676D-885A-4850-8856-802901A0269A}"
EndProject
Global
	GlobalSection(SolutionConfigurationPlatforms) = preSolution
		Debug|Any CPU = Debug|Any CPU
		Release|Any CPU = Release|Any CPU
	EndGlobalSection
	GlobalSection(ProjectConfigurationPlatforms) = postSolution
		{D981E1EC-EBFF-4D9F-83AF-55E60A3B9122}.Debug|Any CPU.ActiveCfg = Debug|Any CPU
		{D981E1EC-EBFF-4D9F-83AF-55E60A3B9122}.Debug|Any CPU.Build.0 = Debug|Any CPU
		{D981E1EC-EBFF-4D9F-83AF-55E60A3B9122}.Release|Any CPU.ActiveCfg = Release|Any CPU
		{D981E1EC-EBFF-4D9F-83AF-55E60A3B9122}.Release|Any CPU.Build.0 = Release|Any CPU
		{60F738D8-690B-41EB-A603-6A05BE2C762C}.Debug|Any CPU.ActiveCfg = Debug|Any CPU
		{60F738D8-690B-41EB-A603-6A05BE2C762C}.Debug|Any CPU.Build.0 = Debug|Any CPU
		{60F738D8-690B-41EB-A603-6A05BE2C762C}.Release|Any CPU.ActiveCfg = Release|Any CPU
		{60F738D8-690B-41EB-A603-6A05BE2C762C}.Release|Any CPU.Build.0 = Release|Any CPU
		{F15CE8D6-CAA9-4D31-9DD8-83DF7B916EB0}.Debug|Any CPU.ActiveCfg = Debug|Any CPU
		{F15CE8D6-CAA9-4D31-9DD8-83DF7B916EB0}.Debug|Any CPU.Build.0 = Debug|Any CPU
		{F15CE8D6-CAA9-4D31-9DD8-83DF7B916EB0}.Release|Any CPU.ActiveCfg = Release|Any CPU
		{F15CE8D6-CAA9-4D31-9DD8-83DF7B916EB0}.Release|Any CPU.Build.0 = Release|Any CPU
		{D6F6676D-885A-4850-8856-802901A0269A}.Debug|Any CPU.ActiveCfg = Debug|Any CPU
		{D6F6676D-885A-4850-8856-802901A0269A}.Debug|Any CPU.Build.0 = Debug|Any CPU
		{D6F6676D-885A-4850-8856-802901A0269A}.Release|Any CPU.ActiveCfg = Release|Any CPU
		{D6F6676D-885A-4850-8856-802901A0269A}.Release|Any CPU.Build.0 = Release|Any CPU
	EndGlobalSection
	GlobalSection(SolutionProperties) = preSolution
		HideSolutionNode = FALSE
	EndGlobalSection
	GlobalSection(ExtensibilityGlobals) = postSolution
		SolutionGuid = {ABC6D8CF-2115-4439-8B36-16E010C92BCB}
	EndGlobalSection
EndGlobal
